{
  "name": "npc_generator",
  "version": "1.0.0",
  "lockfileVersion": 2,
  "requires": true,
  "packages": {
    "": {
      "name": "npc_generator",
      "version": "1.0.0",
      "license": "ISC",
      "dependencies": {
        "@dropecho/langgen": "^0.7.1",
        "@dropecho/storygen": "^0.12.1"
      }
    },
    "node_modules/@dropecho/langgen": {
      "version": "0.7.1",
      "resolved": "https://registry.npmjs.org/@dropecho/langgen/-/langgen-0.7.1.tgz",
      "integrity": "sha512-QOlRhsRu3ri/ybPTYDrt1ITMBJzbMO+XAEzSLxluZct9YKrKmPElTi2sYqCrQ2KjChLqlEfnNxFkkmn4Kj2YXg=="
    },
    "node_modules/@dropecho/storygen": {
      "version": "0.12.1",
      "resolved": "https://registry.npmjs.org/@dropecho/storygen/-/storygen-0.12.1.tgz",
      "integrity": "sha512-vmD4NAAXlI5fRz5iLL8mpWvNJ3BtfaHibtSKnpJgUi0Bf00CIRd7FNV/lY5D4NJU0vkNFkAlGutHSUDoaMhgdQ=="
    }
  },
  "dependencies": {
    "@dropecho/langgen": {
      "version": "0.7.1",
      "resolved": "https://registry.npmjs.org/@dropecho/langgen/-/langgen-0.7.1.tgz",
      "integrity": "sha512-QOlRhsRu3ri/ybPTYDrt1ITMBJzbMO+XAEzSLxluZct9YKrKmPElTi2sYqCrQ2KjChLqlEfnNxFkkmn4Kj2YXg=="
    },
    "@dropecho/storygen": {
      "version": "0.12.1",
      "resolved": "https://registry.npmjs.org/@dropecho/storygen/-/storygen-0.12.1.tgz",
      "integrity": "sha512-vmD4NAAXlI5fRz5iLL8mpWvNJ3BtfaHibtSKnpJgUi0Bf00CIRd7FNV/lY5D4NJU0vkNFkAlGutHSUDoaMhgdQ=="
    }
  }
}
